// !$*UTF8*$!
{
	archiveVersion = 1;
	classes = {
	};
	objectVersion = 55;
	objects = {

/* Begin PBXBuildFile section */
		783A860128C104F200BC986E /* CalculatorHistoryViewModel.swift in Sources */ = {isa = PBXBuildFile; fileRef = 783A860028C104F200BC986E /* CalculatorHistoryViewModel.swift */; };
		783A860328C106A900BC986E /* CalculatorHistoryView.swift in Sources */ = {isa = PBXBuildFile; fileRef = 783A860228C106A900BC986E /* CalculatorHistoryView.swift */; };
		783E338528C4D75900AD3671 /* SwiftUICalculator.xcdatamodeld in Sources */ = {isa = PBXBuildFile; fileRef = 783E338328C4D75900AD3671 /* SwiftUICalculator.xcdatamodeld */; };
		783E338728C5E38500AD3671 /* HistoryCellView.swift in Sources */ = {isa = PBXBuildFile; fileRef = 783E338628C5E38500AD3671 /* HistoryCellView.swift */; };
		783E339628C5EEFA00AD3671 /* History+CoreDataClass.swift in Sources */ = {isa = PBXBuildFile; fileRef = 783E339428C5EEFA00AD3671 /* History+CoreDataClass.swift */; };
		783E339728C5EEFA00AD3671 /* History+CoreDataProperties.swift in Sources */ = {isa = PBXBuildFile; fileRef = 783E339528C5EEFA00AD3671 /* History+CoreDataProperties.swift */; };
		783E339928C5F60C00AD3671 /* Database.swift in Sources */ = {isa = PBXBuildFile; fileRef = 783E339828C5F60C00AD3671 /* Database.swift */; };
		7867166F28C7F5FF001894CB /* Double+Extensions.swift in Sources */ = {isa = PBXBuildFile; fileRef = 7867166E28C7F5FF001894CB /* Double+Extensions.swift */; };
		7867167228C9CB0B001894CB /* BackgroundColorStyle.swift in Sources */ = {isa = PBXBuildFile; fileRef = 7867167128C9CB0B001894CB /* BackgroundColorStyle.swift */; };
		7867167428C9CE4F001894CB /* UserDefaults+Extensions.swift in Sources */ = {isa = PBXBuildFile; fileRef = 7867167328C9CE4F001894CB /* UserDefaults+Extensions.swift */; };
		7867167A28CBED96001894CB /* NavigationBarModifier.swift in Sources */ = {isa = PBXBuildFile; fileRef = 7867167928CBED96001894CB /* NavigationBarModifier.swift */; };
		78A90CAC2855F7D800716E9B /* SwiftUICalculatorApp.swift in Sources */ = {isa = PBXBuildFile; fileRef = 78A90CAB2855F7D800716E9B /* SwiftUICalculatorApp.swift */; };
		78A90CB02855F7D900716E9B /* Assets.xcassets in Resources */ = {isa = PBXBuildFile; fileRef = 78A90CAF2855F7D900716E9B /* Assets.xcassets */; };
		78A90CB32855F7D900716E9B /* Preview Assets.xcassets in Resources */ = {isa = PBXBuildFile; fileRef = 78A90CB22855F7D900716E9B /* Preview Assets.xcassets */; };
		78A90CBA2855F7FA00716E9B /* CalculatorView.swift in Sources */ = {isa = PBXBuildFile; fileRef = 78A90CB92855F7FA00716E9B /* CalculatorView.swift */; };
		78A90CBF285609FC00716E9B /* CalculatorViewModel.swift in Sources */ = {isa = PBXBuildFile; fileRef = 78A90CBE285609FC00716E9B /* CalculatorViewModel.swift */; };
		78A90CC12856110A00716E9B /* CalculatorButtonView.swift in Sources */ = {isa = PBXBuildFile; fileRef = 78A90CC02856110A00716E9B /* CalculatorButtonView.swift */; };
		78E293AB285758B700CEBE19 /* String+Extensions.swift in Sources */ = {isa = PBXBuildFile; fileRef = 78E293AA285758B700CEBE19 /* String+Extensions.swift */; };
		78F1F17528D1E4C70022E89A /* RootView.swift in Sources */ = {isa = PBXBuildFile; fileRef = 78F1F17428D1E4C70022E89A /* RootView.swift */; };
		78F1F17728D1EBDE0022E89A /* RootViewModel.swift in Sources */ = {isa = PBXBuildFile; fileRef = 78F1F17628D1EBDE0022E89A /* RootViewModel.swift */; };
/* End PBXBuildFile section */

/* Begin PBXFileReference section */
		783A860028C104F200BC986E /* CalculatorHistoryViewModel.swift */ = {isa = PBXFileReference; lastKnownFileType = sourcecode.swift; path = CalculatorHistoryViewModel.swift; sourceTree = "<group>"; };
		783A860228C106A900BC986E /* CalculatorHistoryView.swift */ = {isa = PBXFileReference; lastKnownFileType = sourcecode.swift; path = CalculatorHistoryView.swift; sourceTree = "<group>"; };
		783E338428C4D75900AD3671 /* SwiftUICalculator.xcdatamodel */ = {isa = PBXFileReference; lastKnownFileType = wrapper.xcdatamodel; path = SwiftUICalculator.xcdatamodel; sourceTree = "<group>"; };
		783E338628C5E38500AD3671 /* HistoryCellView.swift */ = {isa = PBXFileReference; lastKnownFileType = sourcecode.swift; path = HistoryCellView.swift; sourceTree = "<group>"; };
		783E339428C5EEFA00AD3671 /* History+CoreDataClass.swift */ = {isa = PBXFileReference; lastKnownFileType = sourcecode.swift; path = "History+CoreDataClass.swift"; sourceTree = "<group>"; };
		783E339528C5EEFA00AD3671 /* History+CoreDataProperties.swift */ = {isa = PBXFileReference; lastKnownFileType = sourcecode.swift; path = "History+CoreDataProperties.swift"; sourceTree = "<group>"; };
		783E339828C5F60C00AD3671 /* Database.swift */ = {isa = PBXFileReference; lastKnownFileType = sourcecode.swift; path = Database.swift; sourceTree = "<group>"; };
		7867166E28C7F5FF001894CB /* Double+Extensions.swift */ = {isa = PBXFileReference; lastKnownFileType = sourcecode.swift; path = "Double+Extensions.swift"; sourceTree = "<group>"; };
		7867167128C9CB0B001894CB /* BackgroundColorStyle.swift */ = {isa = PBXFileReference; lastKnownFileType = sourcecode.swift; path = BackgroundColorStyle.swift; sourceTree = "<group>"; };
		7867167328C9CE4F001894CB /* UserDefaults+Extensions.swift */ = {isa = PBXFileReference; lastKnownFileType = sourcecode.swift; path = "UserDefaults+Extensions.swift"; sourceTree = "<group>"; };
		7867167928CBED96001894CB /* NavigationBarModifier.swift */ = {isa = PBXFileReference; lastKnownFileType = sourcecode.swift; path = NavigationBarModifier.swift; sourceTree = "<group>"; };
		78A90CA82855F7D800716E9B /* SwiftUICalculator.app */ = {isa = PBXFileReference; explicitFileType = wrapper.application; includeInIndex = 0; path = SwiftUICalculator.app; sourceTree = BUILT_PRODUCTS_DIR; };
		78A90CAB2855F7D800716E9B /* SwiftUICalculatorApp.swift */ = {isa = PBXFileReference; lastKnownFileType = sourcecode.swift; path = SwiftUICalculatorApp.swift; sourceTree = "<group>"; };
		78A90CAF2855F7D900716E9B /* Assets.xcassets */ = {isa = PBXFileReference; lastKnownFileType = folder.assetcatalog; path = Assets.xcassets; sourceTree = "<group>"; };
		78A90CB22855F7D900716E9B /* Preview Assets.xcassets */ = {isa = PBXFileReference; lastKnownFileType = folder.assetcatalog; path = "Preview Assets.xcassets"; sourceTree = "<group>"; };
		78A90CB92855F7FA00716E9B /* CalculatorView.swift */ = {isa = PBXFileReference; lastKnownFileType = sourcecode.swift; path = CalculatorView.swift; sourceTree = "<group>"; };
		78A90CBE285609FC00716E9B /* CalculatorViewModel.swift */ = {isa = PBXFileReference; lastKnownFileType = sourcecode.swift; path = CalculatorViewModel.swift; sourceTree = "<group>"; };
		78A90CC02856110A00716E9B /* CalculatorButtonView.swift */ = {isa = PBXFileReference; lastKnownFileType = sourcecode.swift; path = CalculatorButtonView.swift; sourceTree = "<group>"; };
		78E293AA285758B700CEBE19 /* String+Extensions.swift */ = {isa = PBXFileReference; lastKnownFileType = sourcecode.swift; path = "String+Extensions.swift"; sourceTree = "<group>"; };
		78F1F17428D1E4C70022E89A /* RootView.swift */ = {isa = PBXFileReference; lastKnownFileType = sourcecode.swift; path = RootView.swift; sourceTree = "<group>"; };
		78F1F17628D1EBDE0022E89A /* RootViewModel.swift */ = {isa = PBXFileReference; lastKnownFileType = sourcecode.swift; path = RootViewModel.swift; sourceTree = "<group>"; };
/* End PBXFileReference section */

/* Begin PBXFrameworksBuildPhase section */
		78A90CA52855F7D800716E9B /* Frameworks */ = {
			isa = PBXFrameworksBuildPhase;
			buildActionMask = 2147483647;
			files = (
			);
			runOnlyForDeploymentPostprocessing = 0;
		};
/* End PBXFrameworksBuildPhase section */

/* Begin PBXGroup section */
		783E338228C4D72900AD3671 /* Database */ = {
			isa = PBXGroup;
			children = (
				783E339828C5F60C00AD3671 /* Database.swift */,
			);
			path = Database;
			sourceTree = "<group>";
		};
		783E339C28C73A4500AD3671 /* Calculator */ = {
			isa = PBXGroup;
			children = (
				783E339D28C73A5900AD3671 /* Views */,
				783E339E28C73A6300AD3671 /* ViewModel */,
			);
			path = Calculator;
			sourceTree = "<group>";
		};
		783E339D28C73A5900AD3671 /* Views */ = {
			isa = PBXGroup;
			children = (
				78A90CB92855F7FA00716E9B /* CalculatorView.swift */,
				78A90CC02856110A00716E9B /* CalculatorButtonView.swift */,
			);
			path = Views;
			sourceTree = "<group>";
		};
		783E339E28C73A6300AD3671 /* ViewModel */ = {
			isa = PBXGroup;
			children = (
				78A90CBE285609FC00716E9B /* CalculatorViewModel.swift */,
			);
			path = ViewModel;
			sourceTree = "<group>";
		};
		783E339F28C73AA700AD3671 /* History */ = {
			isa = PBXGroup;
			children = (
				78A90CBD285609EC00716E9B /* Models */,
				783E33A028C73ACB00AD3671 /* Views */,
				783E33A128C73AD100AD3671 /* ViewModel */,
			);
			path = History;
			sourceTree = "<group>";
		};
		783E33A028C73ACB00AD3671 /* Views */ = {
			isa = PBXGroup;
			children = (
				783A860228C106A900BC986E /* CalculatorHistoryView.swift */,
				783E338628C5E38500AD3671 /* HistoryCellView.swift */,
			);
			path = Views;
			sourceTree = "<group>";
		};
		783E33A128C73AD100AD3671 /* ViewModel */ = {
			isa = PBXGroup;
			children = (
				783A860028C104F200BC986E /* CalculatorHistoryViewModel.swift */,
			);
			path = ViewModel;
			sourceTree = "<group>";
		};
		7867167028C9CAE2001894CB /* Modifiers */ = {
			isa = PBXGroup;
			children = (
				7867167128C9CB0B001894CB /* BackgroundColorStyle.swift */,
				7867167928CBED96001894CB /* NavigationBarModifier.swift */,
			);
			path = Modifiers;
			sourceTree = "<group>";
		};
		7867167B28CE7558001894CB /* CalculatorFlow */ = {
			isa = PBXGroup;
			children = (
				783E339C28C73A4500AD3671 /* Calculator */,
				783E339F28C73AA700AD3671 /* History */,
			);
			path = CalculatorFlow;
			sourceTree = "<group>";
		};
		78A90C9F2855F7D800716E9B = {
			isa = PBXGroup;
			children = (
				78A90CAA2855F7D800716E9B /* SwiftUICalculator */,
				78A90CA92855F7D800716E9B /* Products */,
			);
			sourceTree = "<group>";
		};
		78A90CA92855F7D800716E9B /* Products */ = {
			isa = PBXGroup;
			children = (
				78A90CA82855F7D800716E9B /* SwiftUICalculator.app */,
			);
			name = Products;
			sourceTree = "<group>";
		};
		78A90CAA2855F7D800716E9B /* SwiftUICalculator */ = {
			isa = PBXGroup;
			children = (
				783E338228C4D72900AD3671 /* Database */,
				7867167B28CE7558001894CB /* CalculatorFlow */,
				78E293A92857587000CEBE19 /* Extensions */,
				7867167028C9CAE2001894CB /* Modifiers */,
				78A90CAB2855F7D800716E9B /* SwiftUICalculatorApp.swift */,
				78F1F17428D1E4C70022E89A /* RootView.swift */,
				78F1F17628D1EBDE0022E89A /* RootViewModel.swift */,
				783E338328C4D75900AD3671 /* SwiftUICalculator.xcdatamodeld */,
				78A90CAF2855F7D900716E9B /* Assets.xcassets */,
				78A90CB12855F7D900716E9B /* Preview Content */,
			);
			path = SwiftUICalculator;
			sourceTree = "<group>";
		};
		78A90CB12855F7D900716E9B /* Preview Content */ = {
			isa = PBXGroup;
			children = (
				78A90CB22855F7D900716E9B /* Preview Assets.xcassets */,
			);
			path = "Preview Content";
			sourceTree = "<group>";
		};
		78A90CBD285609EC00716E9B /* Models */ = {
			isa = PBXGroup;
			children = (
				783E339428C5EEFA00AD3671 /* History+CoreDataClass.swift */,
				783E339528C5EEFA00AD3671 /* History+CoreDataProperties.swift */,
			);
			path = Models;
			sourceTree = "<group>";
		};
		78E293A92857587000CEBE19 /* Extensions */ = {
			isa = PBXGroup;
			children = (
				78E293AA285758B700CEBE19 /* String+Extensions.swift */,
				7867166E28C7F5FF001894CB /* Double+Extensions.swift */,
				7867167328C9CE4F001894CB /* UserDefaults+Extensions.swift */,
			);
			path = Extensions;
			sourceTree = "<group>";
		};
/* End PBXGroup section */

/* Begin PBXNativeTarget section */
		78A90CA72855F7D800716E9B /* SwiftUICalculator */ = {
			isa = PBXNativeTarget;
			buildConfigurationList = 78A90CB62855F7D900716E9B /* Build configuration list for PBXNativeTarget "SwiftUICalculator" */;
			buildPhases = (
				78A90CA42855F7D800716E9B /* Sources */,
				78A90CA52855F7D800716E9B /* Frameworks */,
				78A90CA62855F7D800716E9B /* Resources */,
			);
			buildRules = (
			);
			dependencies = (
			);
			name = SwiftUICalculator;
			productName = SwiftUICalculator;
			productReference = 78A90CA82855F7D800716E9B /* SwiftUICalculator.app */;
			productType = "com.apple.product-type.application";
		};
/* End PBXNativeTarget section */

/* Begin PBXProject section */
		78A90CA02855F7D800716E9B /* Project object */ = {
			isa = PBXProject;
			attributes = {
				BuildIndependentTargetsInParallel = 1;
				LastSwiftUpdateCheck = 1340;
				LastUpgradeCheck = 1340;
				TargetAttributes = {
					78A90CA72855F7D800716E9B = {
						CreatedOnToolsVersion = 13.4.1;
					};
				};
			};
			buildConfigurationList = 78A90CA32855F7D800716E9B /* Build configuration list for PBXProject "SwiftUICalculator" */;
			compatibilityVersion = "Xcode 13.0";
			developmentRegion = en;
			hasScannedForEncodings = 0;
			knownRegions = (
				en,
				Base,
			);
			mainGroup = 78A90C9F2855F7D800716E9B;
			productRefGroup = 78A90CA92855F7D800716E9B /* Products */;
			projectDirPath = "";
			projectRoot = "";
			targets = (
				78A90CA72855F7D800716E9B /* SwiftUICalculator */,
			);
		};
/* End PBXProject section */

/* Begin PBXResourcesBuildPhase section */
		78A90CA62855F7D800716E9B /* Resources */ = {
			isa = PBXResourcesBuildPhase;
			buildActionMask = 2147483647;
			files = (
				78A90CB32855F7D900716E9B /* Preview Assets.xcassets in Resources */,
				78A90CB02855F7D900716E9B /* Assets.xcassets in Resources */,
			);
			runOnlyForDeploymentPostprocessing = 0;
		};
/* End PBXResourcesBuildPhase section */

/* Begin PBXSourcesBuildPhase section */
		78A90CA42855F7D800716E9B /* Sources */ = {
			isa = PBXSourcesBuildPhase;
			buildActionMask = 2147483647;
			files = (
				78A90CBA2855F7FA00716E9B /* CalculatorView.swift in Sources */,
				7867166F28C7F5FF001894CB /* Double+Extensions.swift in Sources */,
				783E339728C5EEFA00AD3671 /* History+CoreDataProperties.swift in Sources */,
				78F1F17528D1E4C70022E89A /* RootView.swift in Sources */,
				78A90CBF285609FC00716E9B /* CalculatorViewModel.swift in Sources */,
				783E339628C5EEFA00AD3671 /* History+CoreDataClass.swift in Sources */,
				783E338728C5E38500AD3671 /* HistoryCellView.swift in Sources */,
				783A860128C104F200BC986E /* CalculatorHistoryViewModel.swift in Sources */,
				783E339928C5F60C00AD3671 /* Database.swift in Sources */,
				783E338528C4D75900AD3671 /* SwiftUICalculator.xcdatamodeld in Sources */,
				783A860328C106A900BC986E /* CalculatorHistoryView.swift in Sources */,
				78A90CAC2855F7D800716E9B /* SwiftUICalculatorApp.swift in Sources */,
				7867167228C9CB0B001894CB /* BackgroundColorStyle.swift in Sources */,
				78E293AB285758B700CEBE19 /* String+Extensions.swift in Sources */,
				7867167A28CBED96001894CB /* NavigationBarModifier.swift in Sources */,
				7867167428C9CE4F001894CB /* UserDefaults+Extensions.swift in Sources */,
				78F1F17728D1EBDE0022E89A /* RootViewModel.swift in Sources */,
				78A90CC12856110A00716E9B /* CalculatorButtonView.swift in Sources */,
			);
			runOnlyForDeploymentPostprocessing = 0;
		};
/* End PBXSourcesBuildPhase section */

/* Begin XCBuildConfiguration section */
		78A90CB42855F7D900716E9B /* Debug */ = {
			isa = XCBuildConfiguration;
			buildSettings = {
				ALWAYS_SEARCH_USER_PATHS = NO;
				CLANG_ANALYZER_NONNULL = YES;
				CLANG_ANALYZER_NUMBER_OBJECT_CONVERSION = YES_AGGRESSIVE;
				CLANG_CXX_LANGUAGE_STANDARD = "gnu++17";
				CLANG_ENABLE_MODULES = YES;
				CLANG_ENABLE_OBJC_ARC = YES;
				CLANG_ENABLE_OBJC_WEAK = YES;
				CLANG_WARN_BLOCK_CAPTURE_AUTORELEASING = YES;
				CLANG_WARN_BOOL_CONVERSION = YES;
				CLANG_WARN_COMMA = YES;
				CLANG_WARN_CONSTANT_CONVERSION = YES;
				CLANG_WARN_DEPRECATED_OBJC_IMPLEMENTATIONS = YES;
				CLANG_WARN_DIRECT_OBJC_ISA_USAGE = YES_ERROR;
				CLANG_WARN_DOCUMENTATION_COMMENTS = YES;
				CLANG_WARN_EMPTY_BODY = YES;
				CLANG_WARN_ENUM_CONVERSION = YES;
				CLANG_WARN_INFINITE_RECURSION = YES;
				CLANG_WARN_INT_CONVERSION = YES;
				CLANG_WARN_NON_LITERAL_NULL_CONVERSION = YES;
				CLANG_WARN_OBJC_IMPLICIT_RETAIN_SELF = YES;
				CLANG_WARN_OBJC_LITERAL_CONVERSION = YES;
				CLANG_WARN_OBJC_ROOT_CLASS = YES_ERROR;
				CLANG_WARN_QUOTED_INCLUDE_IN_FRAMEWORK_HEADER = YES;
				CLANG_WARN_RANGE_LOOP_ANALYSIS = YES;
				CLANG_WARN_STRICT_PROTOTYPES = YES;
				CLANG_WARN_SUSPICIOUS_MOVE = YES;
				CLANG_WARN_UNGUARDED_AVAILABILITY = YES_AGGRESSIVE;
				CLANG_WARN_UNREACHABLE_CODE = YES;
				CLANG_WARN__DUPLICATE_METHOD_MATCH = YES;
				COPY_PHASE_STRIP = NO;
				DEBUG_INFORMATION_FORMAT = dwarf;
				ENABLE_STRICT_OBJC_MSGSEND = YES;
				ENABLE_TESTABILITY = YES;
				GCC_C_LANGUAGE_STANDARD = gnu11;
				GCC_DYNAMIC_NO_PIC = NO;
				GCC_NO_COMMON_BLOCKS = YES;
				GCC_OPTIMIZATION_LEVEL = 0;
				GCC_PREPROCESSOR_DEFINITIONS = (
					"DEBUG=1",
					"$(inherited)",
				);
				GCC_WARN_64_TO_32_BIT_CONVERSION = YES;
				GCC_WARN_ABOUT_RETURN_TYPE = YES_ERROR;
				GCC_WARN_UNDECLARED_SELECTOR = YES;
				GCC_WARN_UNINITIALIZED_AUTOS = YES_AGGRESSIVE;
				GCC_WARN_UNUSED_FUNCTION = YES;
				GCC_WARN_UNUSED_VARIABLE = YES;
				IPHONEOS_DEPLOYMENT_TARGET = 15.5;
				MTL_ENABLE_DEBUG_INFO = INCLUDE_SOURCE;
				MTL_FAST_MATH = YES;
				ONLY_ACTIVE_ARCH = YES;
				SDKROOT = iphoneos;
				SWIFT_ACTIVE_COMPILATION_CONDITIONS = DEBUG;
				SWIFT_OPTIMIZATION_LEVEL = "-Onone";
			};
			name = Debug;
		};
		78A90CB52855F7D900716E9B /* Release */ = {
			isa = XCBuildConfiguration;
			buildSettings = {
				ALWAYS_SEARCH_USER_PATHS = NO;
				CLANG_ANALYZER_NONNULL = YES;
				CLANG_ANALYZER_NUMBER_OBJECT_CONVERSION = YES_AGGRESSIVE;
				CLANG_CXX_LANGUAGE_STANDARD = "gnu++17";
				CLANG_ENABLE_MODULES = YES;
				CLANG_ENABLE_OBJC_ARC = YES;
				CLANG_ENABLE_OBJC_WEAK = YES;
				CLANG_WARN_BLOCK_CAPTURE_AUTORELEASING = YES;
				CLANG_WARN_BOOL_CONVERSION = YES;
				CLANG_WARN_COMMA = YES;
				CLANG_WARN_CONSTANT_CONVERSION = YES;
				CLANG_WARN_DEPRECATED_OBJC_IMPLEMENTATIONS = YES;
				CLANG_WARN_DIRECT_OBJC_ISA_USAGE = YES_ERROR;
				CLANG_WARN_DOCUMENTATION_COMMENTS = YES;
				CLANG_WARN_EMPTY_BODY = YES;
				CLANG_WARN_ENUM_CONVERSION = YES;
				CLANG_WARN_INFINITE_RECURSION = YES;
				CLANG_WARN_INT_CONVERSION = YES;
				CLANG_WARN_NON_LITERAL_NULL_CONVERSION = YES;
				CLANG_WARN_OBJC_IMPLICIT_RETAIN_SELF = YES;
				CLANG_WARN_OBJC_LITERAL_CONVERSION = YES;
				CLANG_WARN_OBJC_ROOT_CLASS = YES_ERROR;
				CLANG_WARN_QUOTED_INCLUDE_IN_FRAMEWORK_HEADER = YES;
				CLANG_WARN_RANGE_LOOP_ANALYSIS = YES;
				CLANG_WARN_STRICT_PROTOTYPES = YES;
				CLANG_WARN_SUSPICIOUS_MOVE = YES;
				CLANG_WARN_UNGUARDED_AVAILABILITY = YES_AGGRESSIVE;
				CLANG_WARN_UNREACHABLE_CODE = YES;
				CLANG_WARN__DUPLICATE_METHOD_MATCH = YES;
				COPY_PHASE_STRIP = NO;
				DEBUG_INFORMATION_FORMAT = "dwarf-with-dsym";
				ENABLE_NS_ASSERTIONS = NO;
				ENABLE_STRICT_OBJC_MSGSEND = YES;
				GCC_C_LANGUAGE_STANDARD = gnu11;
				GCC_NO_COMMON_BLOCKS = YES;
				GCC_WARN_64_TO_32_BIT_CONVERSION = YES;
				GCC_WARN_ABOUT_RETURN_TYPE = YES_ERROR;
				GCC_WARN_UNDECLARED_SELECTOR = YES;
				GCC_WARN_UNINITIALIZED_AUTOS = YES_AGGRESSIVE;
				GCC_WARN_UNUSED_FUNCTION = YES;
				GCC_WARN_UNUSED_VARIABLE = YES;
				IPHONEOS_DEPLOYMENT_TARGET = 15.5;
				MTL_ENABLE_DEBUG_INFO = NO;
				MTL_FAST_MATH = YES;
				SDKROOT = iphoneos;
				SWIFT_COMPILATION_MODE = wholemodule;
				SWIFT_OPTIMIZATION_LEVEL = "-O";
				VALIDATE_PRODUCT = YES;
			};
			name = Release;
		};
		78A90CB72855F7D900716E9B /* Debug */ = {
			isa = XCBuildConfiguration;
			buildSettings = {
				ASSETCATALOG_COMPILER_APPICON_NAME = AppIcon;
				ASSETCATALOG_COMPILER_GLOBAL_ACCENT_COLOR_NAME = AccentColor;
				CODE_SIGN_STYLE = Automatic;
				CURRENT_PROJECT_VERSION = 1;
				DEVELOPMENT_ASSET_PATHS = "\"SwiftUICalculator/Preview Content\"";
				DEVELOPMENT_TEAM = XC7MFC9869;
				ENABLE_PREVIEWS = YES;
				GENERATE_INFOPLIST_FILE = YES;
				INFOPLIST_KEY_UIApplicationSceneManifest_Generation = YES;
				INFOPLIST_KEY_UIApplicationSupportsIndirectInputEvents = YES;
				INFOPLIST_KEY_UILaunchScreen_Generation = YES;
				INFOPLIST_KEY_UISupportedInterfaceOrientations = "";
				INFOPLIST_KEY_UISupportedInterfaceOrientations_iPad = "UIInterfaceOrientationPortrait UIInterfaceOrientationPortraitUpsideDown UIInterfaceOrientationLandscapeLeft UIInterfaceOrientationLandscapeRight";
				INFOPLIST_KEY_UISupportedInterfaceOrientations_iPhone = UIInterfaceOrientationPortrait;
				IPHONEOS_DEPLOYMENT_TARGET = 16.0;
				LD_RUNPATH_SEARCH_PATHS = (
					"$(inherited)",
					"@executable_path/Frameworks",
				);
				MARKETING_VERSION = 1.0;
				PRODUCT_BUNDLE_IDENTIFIER = edu.karen.nikoghosyan.SwiftUICalculator;
				PRODUCT_NAME = "$(TARGET_NAME)";
				SWIFT_EMIT_LOC_STRINGS = YES;
				SWIFT_VERSION = 5.0;
				TARGETED_DEVICE_FAMILY = "1,2";
			};
			name = Debug;
		};
		78A90CB82855F7D900716E9B /* Release */ = {
			isa = XCBuildConfiguration;
			buildSettings = {
				ASSETCATALOG_COMPILER_APPICON_NAME = AppIcon;
				ASSETCATALOG_COMPILER_GLOBAL_ACCENT_COLOR_NAME = AccentColor;
				CODE_SIGN_STYLE = Automatic;
				CURRENT_PROJECT_VERSION = 1;
				DEVELOPMENT_ASSET_PATHS = "\"SwiftUICalculator/Preview Content\"";
				DEVELOPMENT_TEAM = XC7MFC9869;
				ENABLE_PREVIEWS = YES;
				GENERATE_INFOPLIST_FILE = YES;
				INFOPLIST_KEY_UIApplicationSceneManifest_Generation = YES;
				INFOPLIST_KEY_UIApplicationSupportsIndirectInputEvents = YES;
				INFOPLIST_KEY_UILaunchScreen_Generation = YES;
				INFOPLIST_KEY_UISupportedInterfaceOrientations = "";
				INFOPLIST_KEY_UISupportedInterfaceOrientations_iPad = "UIInterfaceOrientationPortrait UIInterfaceOrientationPortraitUpsideDown UIInterfaceOrientationLandscapeLeft UIInterfaceOrientationLandscapeRight";
				INFOPLIST_KEY_UISupportedInterfaceOrientations_iPhone = UIInterfaceOrientationPortrait;
				IPHONEOS_DEPLOYMENT_TARGET = 16.0;
				LD_RUNPATH_SEARCH_PATHS = (
					"$(inherited)",
					"@executable_path/Frameworks",
				);
				MARKETING_VERSION = 1.0;
				PRODUCT_BUNDLE_IDENTIFIER = edu.karen.nikoghosyan.SwiftUICalculator;
				PRODUCT_NAME = "$(TARGET_NAME)";
				SWIFT_EMIT_LOC_STRINGS = YES;
				SWIFT_VERSION = 5.0;
				TARGETED_DEVICE_FAMILY = "1,2";
			};
			name = Release;
		};
/* End XCBuildConfiguration section */

/* Begin XCConfigurationList section */
		78A90CA32855F7D800716E9B /* Build configuration list for PBXProject "SwiftUICalculator" */ = {
			isa = XCConfigurationList;
			buildConfigurations = (
				78A90CB42855F7D900716E9B /* Debug */,
				78A90CB52855F7D900716E9B /* Release */,
			);
			defaultConfigurationIsVisible = 0;
			defaultConfigurationName = Release;
		};
		78A90CB62855F7D900716E9B /* Build configuration list for PBXNativeTarget "SwiftUICalculator" */ = {
			isa = XCConfigurationList;
			buildConfigurations = (
				78A90CB72855F7D900716E9B /* Debug */,
				78A90CB82855F7D900716E9B /* Release */,
			);
			defaultConfigurationIsVisible = 0;
			defaultConfigurationName = Release;
		};
/* End XCConfigurationList section */

/* Begin XCVersionGroup section */
		783E338328C4D75900AD3671 /* SwiftUICalculator.xcdatamodeld */ = {
			isa = XCVersionGroup;
			children = (
				783E338428C4D75900AD3671 /* SwiftUICalculator.xcdatamodel */,
			);
			currentVersion = 783E338428C4D75900AD3671 /* SwiftUICalculator.xcdatamodel */;
			path = SwiftUICalculator.xcdatamodeld;
			sourceTree = "<group>";
			versionGroupType = wrapper.xcdatamodel;
		};
/* End XCVersionGroup section */
	};
	rootObject = 78A90CA02855F7D800716E9B /* Project object */;
}
